
Microsoft Visual Studio Solution File, Format Version 12.00
# Visual Studio Version 16
VisualStudioVersion = 16.0.31624.102
MinimumVisualStudioVersion = 10.0.40219.1
Project("{FAE04EC0-301F-11D3-BF4B-00C04F79EFBC}") = "Selenium.dev", "Selenium.dev\Selenium.dev.csproj", "{A0054E46-3BD9-41F3-A2CE-87E945E003D6}"
EndProject
Global
	GlobalSection(SolutionConfigurationPlatforms) = preSolution
		Debug|Any CPU = Debug|Any CPU
		Release|Any CPU = Release|Any CPU
	EndGlobalSection
	GlobalSection(ProjectConfigurationPlatforms) = postSolution
		{A0054E46-3BD9-41F3-A2CE-87E945E003D6}.Debug|Any CPU.ActiveCfg = Debug|Any CPU
		{A0054E46-3BD9-41F3-A2CE-87E945E003D6}.Debug|Any CPU.Build.0 = Debug|Any CPU
		{A0054E46-3BD9-41F3-A2CE-87E945E003D6}.Release|Any CPU.ActiveCfg = Release|Any CPU
		{A0054E46-3BD9-41F3-A2CE-87E945E003D6}.Release|Any CPU.Build.0 = Release|Any CPU
	EndGlobalSection
	GlobalSection(SolutionProperties) = preSolution
		HideSolutionNode = FALSE
	EndGlobalSection
	GlobalSection(ExtensibilityGlobals) = postSolution
		SolutionGuid = {48922165-4044-4A17-B999-4D096B15BC95}
	EndGlobalSection
EndGlobal
